
Microsoft Visual Studio Solution File, Format Version 12.00
# Visual Studio Version 16
VisualStudioVersion = 16.0.29509.3
MinimumVisualStudioVersion = 10.0.40219.1
Project("{8BC9CEB8-8B4A-11D0-8D11-00A0C91BC942}") = "VC_Demo", "VC_Demo.vcxproj", "{44BA24E1-C884-4CB8-B895-D3EB6EAE477D}"
EndProject
Project("{888888A0-9F3D-457C-B088-3A5042F75D52}") = "PythonBroadCast", "..\PythonBroadCast\PythonBroadCast.pyproj", "{5F7CF732-3F65-479C-86B6-5984DB0107C8}"
EndProject
Global
	GlobalSection(SolutionConfigurationPlatforms) = preSolution
		Debug|Any CPU = Debug|Any CPU
		Debug|x64 = Debug|x64
		Debug|x86 = Debug|x86
		Release|Any CPU = Release|Any CPU
		Release|x64 = Release|x64
		Release|x86 = Release|x86
	EndGlobalSection
	GlobalSection(ProjectConfigurationPlatforms) = postSolution
		{44BA24E1-C884-4CB8-B895-D3EB6EAE477D}.Debug|Any CPU.ActiveCfg = Debug|Win32
		{44BA24E1-C884-4CB8-B895-D3EB6EAE477D}.Debug|x64.ActiveCfg = Debug|x64
		{44BA24E1-C884-4CB8-B895-D3EB6EAE477D}.Debug|x64.Build.0 = Debug|x64
		{44BA24E1-C884-4CB8-B895-D3EB6EAE477D}.Debug|x86.ActiveCfg = Debug|Win32
		{44BA24E1-C884-4CB8-B895-D3EB6EAE477D}.Debug|x86.Build.0 = Debug|Win32
		{44BA24E1-C884-4CB8-B895-D3EB6EAE477D}.Release|Any CPU.ActiveCfg = Release|Win32
		{44BA24E1-C884-4CB8-B895-D3EB6EAE477D}.Release|x64.ActiveCfg = Release|x64
		{44BA24E1-C884-4CB8-B895-D3EB6EAE477D}.Release|x64.Build.0 = Release|x64
		{44BA24E1-C884-4CB8-B895-D3EB6EAE477D}.Release|x86.ActiveCfg = Release|Win32
		{44BA24E1-C884-4CB8-B895-D3EB6EAE477D}.Release|x86.Build.0 = Release|Win32
		{5F7CF732-3F65-479C-86B6-5984DB0107C8}.Debug|Any CPU.ActiveCfg = Debug|Any CPU
		{5F7CF732-3F65-479C-86B6-5984DB0107C8}.Debug|x64.ActiveCfg = Debug|Any CPU
		{5F7CF732-3F65-479C-86B6-5984DB0107C8}.Debug|x86.ActiveCfg = Debug|Any CPU
		{5F7CF732-3F65-479C-86B6-5984DB0107C8}.Release|Any CPU.ActiveCfg = Release|Any CPU
		{5F7CF732-3F65-479C-86B6-5984DB0107C8}.Release|x64.ActiveCfg = Release|Any CPU
		{5F7CF732-3F65-479C-86B6-5984DB0107C8}.Release|x86.ActiveCfg = Release|Any CPU
	EndGlobalSection
	GlobalSection(SolutionProperties) = preSolution
		HideSolutionNode = FALSE
	EndGlobalSection
	GlobalSection(ExtensibilityGlobals) = postSolution
		SolutionGuid = {5AAB5074-5D7C-4328-9492-33C6AB4A2C41}
	EndGlobalSection
EndGlobal
